
Microsoft Visual Studio Solution File, Format Version 12.00
# Visual Studio Version 16
VisualStudioVersion = 16.0.31729.503
MinimumVisualStudioVersion = 10.0.40219.1
Project("{FAE04EC0-301F-11D3-BF4B-00C04F79EFBC}") = "InterTwitter.Android", "src\InterTwitter.Android\InterTwitter.Android.csproj", "{E465D503-29EA-474F-8A38-42A6EA107F48}"
EndProject
Project("{FAE04EC0-301F-11D3-BF4B-00C04F79EFBC}") = "InterTwitter.iOS", "src\InterTwitter.iOS\InterTwitter.iOS.csproj", "{90B7D8F6-27A6-43F7-9990-3D6CFA670435}"
EndProject
Project("{FAE04EC0-301F-11D3-BF4B-00C04F79EFBC}") = "InterTwitter", "src\InterTwitter\InterTwitter.csproj", "{EAA396E5-1372-46BC-8E5B-702A7A5DC15B}"
EndProject
Global
	GlobalSection(SolutionConfigurationPlatforms) = preSolution
		Debug|Any CPU = Debug|Any CPU
		Debug|iPhone = Debug|iPhone
		Debug|iPhoneSimulator = Debug|iPhoneSimulator
		Release|Any CPU = Release|Any CPU
		Release|iPhone = Release|iPhone
		Release|iPhoneSimulator = Release|iPhoneSimulator
	EndGlobalSection
	GlobalSection(ProjectConfigurationPlatforms) = postSolution
		{E465D503-29EA-474F-8A38-42A6EA107F48}.Debug|Any CPU.ActiveCfg = Debug|Any CPU
		{E465D503-29EA-474F-8A38-42A6EA107F48}.Debug|Any CPU.Build.0 = Debug|Any CPU
		{E465D503-29EA-474F-8A38-42A6EA107F48}.Debug|Any CPU.Deploy.0 = Debug|Any CPU
		{E465D503-29EA-474F-8A38-42A6EA107F48}.Debug|iPhone.ActiveCfg = Debug|Any CPU
		{E465D503-29EA-474F-8A38-42A6EA107F48}.Debug|iPhone.Build.0 = Debug|Any CPU
		{E465D503-29EA-474F-8A38-42A6EA107F48}.Debug|iPhone.Deploy.0 = Debug|Any CPU
		{E465D503-29EA-474F-8A38-42A6EA107F48}.Debug|iPhoneSimulator.ActiveCfg = Debug|Any CPU
		{E465D503-29EA-474F-8A38-42A6EA107F48}.Debug|iPhoneSimulator.Build.0 = Debug|Any CPU
		{E465D503-29EA-474F-8A38-42A6EA107F48}.Debug|iPhoneSimulator.Deploy.0 = Debug|Any CPU
		{E465D503-29EA-474F-8A38-42A6EA107F48}.Release|Any CPU.ActiveCfg = Release|Any CPU
		{E465D503-29EA-474F-8A38-42A6EA107F48}.Release|Any CPU.Build.0 = Release|Any CPU
		{E465D503-29EA-474F-8A38-42A6EA107F48}.Release|Any CPU.Deploy.0 = Release|Any CPU
		{E465D503-29EA-474F-8A38-42A6EA107F48}.Release|iPhone.ActiveCfg = Release|Any CPU
		{E465D503-29EA-474F-8A38-42A6EA107F48}.Release|iPhone.Build.0 = Release|Any CPU
		{E465D503-29EA-474F-8A38-42A6EA107F48}.Release|iPhone.Deploy.0 = Release|Any CPU
		{E465D503-29EA-474F-8A38-42A6EA107F48}.Release|iPhoneSimulator.ActiveCfg = Release|Any CPU
		{E465D503-29EA-474F-8A38-42A6EA107F48}.Release|iPhoneSimulator.Build.0 = Release|Any CPU
		{E465D503-29EA-474F-8A38-42A6EA107F48}.Release|iPhoneSimulator.Deploy.0 = Release|Any CPU
		{90B7D8F6-27A6-43F7-9990-3D6CFA670435}.Debug|Any CPU.ActiveCfg = Debug|iPhone
		{90B7D8F6-27A6-43F7-9990-3D6CFA670435}.Debug|Any CPU.Build.0 = Debug|iPhone
		{90B7D8F6-27A6-43F7-9990-3D6CFA670435}.Debug|Any CPU.Deploy.0 = Debug|iPhone
		{90B7D8F6-27A6-43F7-9990-3D6CFA670435}.Debug|iPhone.ActiveCfg = Debug|iPhone
		{90B7D8F6-27A6-43F7-9990-3D6CFA670435}.Debug|iPhone.Build.0 = Debug|iPhone
		{90B7D8F6-27A6-43F7-9990-3D6CFA670435}.Debug|iPhone.Deploy.0 = Debug|iPhone
		{90B7D8F6-27A6-43F7-9990-3D6CFA670435}.Debug|iPhoneSimulator.ActiveCfg = Debug|iPhoneSimulator
		{90B7D8F6-27A6-43F7-9990-3D6CFA670435}.Debug|iPhoneSimulator.Build.0 = Debug|iPhoneSimulator
		{90B7D8F6-27A6-43F7-9990-3D6CFA670435}.Debug|iPhoneSimulator.Deploy.0 = Debug|iPhoneSimulator
		{90B7D8F6-27A6-43F7-9990-3D6CFA670435}.Release|Any CPU.ActiveCfg = Release|iPhoneSimulator
		{90B7D8F6-27A6-43F7-9990-3D6CFA670435}.Release|Any CPU.Build.0 = Release|iPhoneSimulator
		{90B7D8F6-27A6-43F7-9990-3D6CFA670435}.Release|Any CPU.Deploy.0 = Release|iPhoneSimulator
		{90B7D8F6-27A6-43F7-9990-3D6CFA670435}.Release|iPhone.ActiveCfg = Release|iPhone
		{90B7D8F6-27A6-43F7-9990-3D6CFA670435}.Release|iPhone.Build.0 = Release|iPhone
		{90B7D8F6-27A6-43F7-9990-3D6CFA670435}.Release|iPhone.Deploy.0 = Release|iPhone
		{90B7D8F6-27A6-43F7-9990-3D6CFA670435}.Release|iPhoneSimulator.ActiveCfg = Release|iPhoneSimulator
		{90B7D8F6-27A6-43F7-9990-3D6CFA670435}.Release|iPhoneSimulator.Build.0 = Release|iPhoneSimulator
		{90B7D8F6-27A6-43F7-9990-3D6CFA670435}.Release|iPhoneSimulator.Deploy.0 = Release|iPhoneSimulator
		{EAA396E5-1372-46BC-8E5B-702A7A5DC15B}.Debug|Any CPU.ActiveCfg = Debug|Any CPU
		{EAA396E5-1372-46BC-8E5B-702A7A5DC15B}.Debug|Any CPU.Build.0 = Debug|Any CPU
		{EAA396E5-1372-46BC-8E5B-702A7A5DC15B}.Debug|Any CPU.Deploy.0 = Debug|Any CPU
		{EAA396E5-1372-46BC-8E5B-702A7A5DC15B}.Debug|iPhone.ActiveCfg = Debug|Any CPU
		{EAA396E5-1372-46BC-8E5B-702A7A5DC15B}.Debug|iPhone.Build.0 = Debug|Any CPU
		{EAA396E5-1372-46BC-8E5B-702A7A5DC15B}.Debug|iPhone.Deploy.0 = Debug|Any CPU
		{EAA396E5-1372-46BC-8E5B-702A7A5DC15B}.Debug|iPhoneSimulator.ActiveCfg = Debug|Any CPU
		{EAA396E5-1372-46BC-8E5B-702A7A5DC15B}.Debug|iPhoneSimulator.Build.0 = Debug|Any CPU
		{EAA396E5-1372-46BC-8E5B-702A7A5DC15B}.Debug|iPhoneSimulator.Deploy.0 = Debug|Any CPU
		{EAA396E5-1372-46BC-8E5B-702A7A5DC15B}.Release|Any CPU.ActiveCfg = Release|Any CPU
		{EAA396E5-1372-46BC-8E5B-702A7A5DC15B}.Release|Any CPU.Build.0 = Release|Any CPU
		{EAA396E5-1372-46BC-8E5B-702A7A5DC15B}.Release|Any CPU.Deploy.0 = Release|Any CPU
		{EAA396E5-1372-46BC-8E5B-702A7A5DC15B}.Release|iPhone.ActiveCfg = Release|Any CPU
		{EAA396E5-1372-46BC-8E5B-702A7A5DC15B}.Release|iPhone.Build.0 = Release|Any CPU
		{EAA396E5-1372-46BC-8E5B-702A7A5DC15B}.Release|iPhone.Deploy.0 = Release|Any CPU
		{EAA396E5-1372-46BC-8E5B-702A7A5DC15B}.Release|iPhoneSimulator.ActiveCfg = Release|Any CPU
		{EAA396E5-1372-46BC-8E5B-702A7A5DC15B}.Release|iPhoneSimulator.Build.0 = Release|Any CPU
		{EAA396E5-1372-46BC-8E5B-702A7A5DC15B}.Release|iPhoneSimulator.Deploy.0 = Release|Any CPU
	EndGlobalSection
	GlobalSection(SolutionProperties) = preSolution
		HideSolutionNode = FALSE
	EndGlobalSection
	GlobalSection(ExtensibilityGlobals) = postSolution
		SolutionGuid = {D92C73D5-B5CB-41E0-9A2F-0204DF6AD068}
	EndGlobalSection
EndGlobal
